
Microsoft Visual Studio Solution File, Format Version 12.00
# Visual Studio 2012
Project("{FAE04EC0-301F-11D3-BF4B-00C04F79EFBC}") = "prjpstest1", "prjpstest1.csproj", "{A27CA883-6291-4F9C-8C08-458F839AB4B6}"
EndProject
Global
	GlobalSection(SolutionConfigurationPlatforms) = preSolution
		Debug|Any CPU = Debug|Any CPU
		Release|Any CPU = Release|Any CPU
	EndGlobalSection
	GlobalSection(ProjectConfigurationPlatforms) = postSolution
		{A27CA883-6291-4F9C-8C08-458F839AB4B6}.Debug|Any CPU.ActiveCfg = Debug|Any CPU
		{A27CA883-6291-4F9C-8C08-458F839AB4B6}.Debug|Any CPU.Build.0 = Debug|Any CPU
		{A27CA883-6291-4F9C-8C08-458F839AB4B6}.Release|Any CPU.ActiveCfg = Release|Any CPU
		{A27CA883-6291-4F9C-8C08-458F839AB4B6}.Release|Any CPU.Build.0 = Release|Any CPU
	EndGlobalSection
EndGlobal
